github.com/Rhymond/go-money v1.0.14 h1:HtdIZ0mP4LrnpN3wdRhsik7pool7x22ILZdDe3moL6E=
github.com/Rhymond/go-money v1.0.14/go.mod h1:iHvCuIvitxu2JIlAlhF0g9jHqjRSr+rpdOs7Omqlupg=
github.com/gorilla/mux v1.8.0 h1:i40aqfkR1h2SlN9hojwV5ZA91wcXFOvkdNIeFDP5koI=
github.com/gorilla/mux v1.8.0/go.mod h1:DVbg23sWSpFRCP0SfiEN6jmj59UnW/n46BH5rLB71So=
